apiVersion: apps/v1
kind: Deployment
metadata:
  creationTimestamp: null
  labels:
    run: block
  name: block
  namespace: block
spec:
  replicas: 1
  selector:
    matchLabels:
      run: block
  strategy: {}
  template:
    metadata:
      creationTimestamp: null
      labels:
        run: block
    spec:
      containers:
      - image: rohtashkumar/block
        imagePullPolicy: IfNotPresent
        name: block
        resources: {}
status: {}
